Microsoft Visual Studio Solution File, Format Version 12.00
# Visual Studio Version 17
VisualStudioVersion = 17.5.2.0
MinimumVisualStudioVersion = 10.0.40219.1
Project("{FAE04EC0-301F-11D3-BF4B-00C04F79EFBC}") = "DSO25-test-intro", "DSO25-test-intro.csproj", "{7AC50148-5218-4004-1AE9-EBC032A186AD}"
EndProject
Global
	GlobalSection(SolutionConfigurationPlatforms) = preSolution
		Debug|Any CPU = Debug|Any CPU
		Release|Any CPU = Release|Any CPU
	EndGlobalSection
	GlobalSection(ProjectConfigurationPlatforms) = postSolution
		{7AC50148-5218-4004-1AE9-EBC032A186AD}.Debug|Any CPU.ActiveCfg = Debug|Any CPU
		{7AC50148-5218-4004-1AE9-EBC032A186AD}.Debug|Any CPU.Build.0 = Debug|Any CPU
		{7AC50148-5218-4004-1AE9-EBC032A186AD}.Release|Any CPU.ActiveCfg = Release|Any CPU
		{7AC50148-5218-4004-1AE9-EBC032A186AD}.Release|Any CPU.Build.0 = Release|Any CPU
	EndGlobalSection
	GlobalSection(SolutionProperties) = preSolution
		HideSolutionNode = FALSE
	EndGlobalSection
	GlobalSection(ExtensibilityGlobals) = postSolution
		SolutionGuid = {1E98A0D3-5C71-40CA-8229-2C23DF1DF590}
	EndGlobalSection
EndGlobal
